// !$*UTF8*$!
{
	archiveVersion = 1;
	classes = {
	};
	objectVersion = 50;
	objects = {

/* Begin PBXBuildFile section */
		1EB46E7D22C094B900237E58 /* Welcome.storyboard in Resources */ = {isa = PBXBuildFile; fileRef = 1EB46E7C22C094B900237E58 /* Welcome.storyboard */; };
		1EB46E7F22C0EA7000237E58 /* ViewController+UI.swift in Sources */ = {isa = PBXBuildFile; fileRef = 1EB46E7E22C0EA7000237E58 /* ViewController+UI.swift */; };
		1EB46E8122C0F54900237E58 /* SignUpViewController.swift in Sources */ = {isa = PBXBuildFile; fileRef = 1EB46E8022C0F54900237E58 /* SignUpViewController.swift */; };
		1EB46E8322C0F55B00237E58 /* SignUpViewController+UI.swift in Sources */ = {isa = PBXBuildFile; fileRef = 1EB46E8222C0F55B00237E58 /* SignUpViewController+UI.swift */; };
		1EB46E8522C117E400237E58 /* SignInViewController.swift in Sources */ = {isa = PBXBuildFile; fileRef = 1EB46E8422C117E400237E58 /* SignInViewController.swift */; };
		1EB46E8722C117F500237E58 /* SignInViewController+UI.swift in Sources */ = {isa = PBXBuildFile; fileRef = 1EB46E8622C117F500237E58 /* SignInViewController+UI.swift */; };
		1EB46E8922C14D3E00237E58 /* ResetPasswordViewController.swift in Sources */ = {isa = PBXBuildFile; fileRef = 1EB46E8822C14D3E00237E58 /* ResetPasswordViewController.swift */; };
		1EB46E8B22C1543C00237E58 /* ResetPasswordViewController+UI.swift in Sources */ = {isa = PBXBuildFile; fileRef = 1EB46E8A22C1543C00237E58 /* ResetPasswordViewController+UI.swift */; };
		1EB46E8D22C1F54700237E58 /* GoogleService-Info.plist in Resources */ = {isa = PBXBuildFile; fileRef = 1EB46E8C22C1F54700237E58 /* GoogleService-Info.plist */; };
		1EDECE0B22BFA2A200F8EBB7 /* AppDelegate.swift in Sources */ = {isa = PBXBuildFile; fileRef = 1EDECE0A22BFA2A200F8EBB7 /* AppDelegate.swift */; };
		1EDECE0D22BFA2A200F8EBB7 /* ViewController.swift in Sources */ = {isa = PBXBuildFile; fileRef = 1EDECE0C22BFA2A200F8EBB7 /* ViewController.swift */; };
		1EDECE1222BFA2A300F8EBB7 /* Assets.xcassets in Resources */ = {isa = PBXBuildFile; fileRef = 1EDECE1122BFA2A300F8EBB7 /* Assets.xcassets */; };
		1EDECE1522BFA2A300F8EBB7 /* LaunchScreen.storyboard in Resources */ = {isa = PBXBuildFile; fileRef = 1EDECE1322BFA2A300F8EBB7 /* LaunchScreen.storyboard */; };
		441DF9E261139570FE1148B8 /* Pods_DatingSimple.framework in Frameworks */ = {isa = PBXBuildFile; fileRef = FA04452EEA93AA42A15D3EC9 /* Pods_DatingSimple.framework */; };
/* End PBXBuildFile section */

/* Begin PBXFileReference section */
		1EB46E7C22C094B900237E58 /* Welcome.storyboard */ = {isa = PBXFileReference; lastKnownFileType = file.storyboard; path = Welcome.storyboard; sourceTree = "<group>"; };
		1EB46E7E22C0EA7000237E58 /* ViewController+UI.swift */ = {isa = PBXFileReference; lastKnownFileType = sourcecode.swift; path = "ViewController+UI.swift"; sourceTree = "<group>"; };
		1EB46E8022C0F54900237E58 /* SignUpViewController.swift */ = {isa = PBXFileReference; lastKnownFileType = sourcecode.swift; path = SignUpViewController.swift; sourceTree = "<group>"; };
		1EB46E8222C0F55B00237E58 /* SignUpViewController+UI.swift */ = {isa = PBXFileReference; lastKnownFileType = sourcecode.swift; path = "SignUpViewController+UI.swift"; sourceTree = "<group>"; };
		1EB46E8422C117E400237E58 /* SignInViewController.swift */ = {isa = PBXFileReference; lastKnownFileType = sourcecode.swift; path = SignInViewController.swift; sourceTree = "<group>"; };
		1EB46E8622C117F500237E58 /* SignInViewController+UI.swift */ = {isa = PBXFileReference; lastKnownFileType = sourcecode.swift; path = "SignInViewController+UI.swift"; sourceTree = "<group>"; };
		1EB46E8822C14D3E00237E58 /* ResetPasswordViewController.swift */ = {isa = PBXFileReference; lastKnownFileType = sourcecode.swift; path = ResetPasswordViewController.swift; sourceTree = "<group>"; };
		1EB46E8A22C1543C00237E58 /* ResetPasswordViewController+UI.swift */ = {isa = PBXFileReference; lastKnownFileType = sourcecode.swift; path = "ResetPasswordViewController+UI.swift"; sourceTree = "<group>"; };
		1EB46E8C22C1F54700237E58 /* GoogleService-Info.plist */ = {isa = PBXFileReference; fileEncoding = 4; lastKnownFileType = text.plist.xml; name = "GoogleService-Info.plist"; path = "TinderAssets/GoogleService-Info.plist"; sourceTree = SOURCE_ROOT; };
		1EDECE0722BFA2A200F8EBB7 /* DatingSimple.app */ = {isa = PBXFileReference; explicitFileType = wrapper.application; includeInIndex = 0; path = DatingSimple.app; sourceTree = BUILT_PRODUCTS_DIR; };
		1EDECE0A22BFA2A200F8EBB7 /* AppDelegate.swift */ = {isa = PBXFileReference; lastKnownFileType = sourcecode.swift; path = AppDelegate.swift; sourceTree = "<group>"; };
		1EDECE0C22BFA2A200F8EBB7 /* ViewController.swift */ = {isa = PBXFileReference; lastKnownFileType = sourcecode.swift; path = ViewController.swift; sourceTree = "<group>"; };
		1EDECE1122BFA2A300F8EBB7 /* Assets.xcassets */ = {isa = PBXFileReference; lastKnownFileType = folder.assetcatalog; path = Assets.xcassets; sourceTree = "<group>"; };
		1EDECE1422BFA2A300F8EBB7 /* Base */ = {isa = PBXFileReference; lastKnownFileType = file.storyboard; name = Base; path = Base.lproj/LaunchScreen.storyboard; sourceTree = "<group>"; };
		1EDECE1622BFA2A300F8EBB7 /* Info.plist */ = {isa = PBXFileReference; lastKnownFileType = text.plist.xml; path = Info.plist; sourceTree = "<group>"; };
		76535EEAFE7AD51C1DF6F8B0 /* Pods-DatingSimple.debug.xcconfig */ = {isa = PBXFileReference; includeInIndex = 1; lastKnownFileType = text.xcconfig; name = "Pods-DatingSimple.debug.xcconfig"; path = "Target Support Files/Pods-DatingSimple/Pods-DatingSimple.debug.xcconfig"; sourceTree = "<group>"; };
		FA04452EEA93AA42A15D3EC9 /* Pods_DatingSimple.framework */ = {isa = PBXFileReference; explicitFileType = wrapper.framework; includeInIndex = 0; path = Pods_DatingSimple.framework; sourceTree = BUILT_PRODUCTS_DIR; };
		FAF028859E31D9B2E5E8A651 /* Pods-DatingSimple.release.xcconfig */ = {isa = PBXFileReference; includeInIndex = 1; lastKnownFileType = text.xcconfig; name = "Pods-DatingSimple.release.xcconfig"; path = "Target Support Files/Pods-DatingSimple/Pods-DatingSimple.release.xcconfig"; sourceTree = "<group>"; };
/* End PBXFileReference section */

/* Begin PBXFrameworksBuildPhase section */
		1EDECE0422BFA2A200F8EBB7 /* Frameworks */ = {
			isa = PBXFrameworksBuildPhase;
			buildActionMask = 2147483647;
			files = (
				441DF9E261139570FE1148B8 /* Pods_DatingSimple.framework in Frameworks */,
			);
			runOnlyForDeploymentPostprocessing = 0;
		};
/* End PBXFrameworksBuildPhase section */

/* Begin PBXGroup section */
		1EDECDFE22BFA2A200F8EBB7 = {
			isa = PBXGroup;
			children = (
				1EDECE0922BFA2A200F8EBB7 /* DatingSimple */,
				1EDECE0822BFA2A200F8EBB7 /* Products */,
				EE812CD1EDB39B49E8E1CCE1 /* Pods */,
				F7F2F89E0F8746C76CAA6CC2 /* Frameworks */,
			);
			sourceTree = "<group>";
		};
		1EDECE0822BFA2A200F8EBB7 /* Products */ = {
			isa = PBXGroup;
			children = (
				1EDECE0722BFA2A200F8EBB7 /* DatingSimple.app */,
			);
			name = Products;
			sourceTree = "<group>";
		};
		1EDECE0922BFA2A200F8EBB7 /* DatingSimple */ = {
			isa = PBXGroup;
			children = (
				1EDECE0A22BFA2A200F8EBB7 /* AppDelegate.swift */,
				1EDECE1122BFA2A300F8EBB7 /* Assets.xcassets */,
				1EB46E7C22C094B900237E58 /* Welcome.storyboard */,
				1EDECE1322BFA2A300F8EBB7 /* LaunchScreen.storyboard */,
				1EDECE1622BFA2A300F8EBB7 /* Info.plist */,
				1EDECE0C22BFA2A200F8EBB7 /* ViewController.swift */,
				1EB46E7E22C0EA7000237E58 /* ViewController+UI.swift */,
				1EB46E8022C0F54900237E58 /* SignUpViewController.swift */,
				1EB46E8222C0F55B00237E58 /* SignUpViewController+UI.swift */,
				1EB46E8422C117E400237E58 /* SignInViewController.swift */,
				1EB46E8622C117F500237E58 /* SignInViewController+UI.swift */,
				1EB46E8822C14D3E00237E58 /* ResetPasswordViewController.swift */,
				1EB46E8A22C1543C00237E58 /* ResetPasswordViewController+UI.swift */,
				1EB46E8C22C1F54700237E58 /* GoogleService-Info.plist */,
			);
			path = DatingSimple;
			sourceTree = "<group>";
		};
		EE812CD1EDB39B49E8E1CCE1 /* Pods */ = {
			isa = PBXGroup;
			children = (
				76535EEAFE7AD51C1DF6F8B0 /* Pods-DatingSimple.debug.xcconfig */,
				FAF028859E31D9B2E5E8A651 /* Pods-DatingSimple.release.xcconfig */,
			);
			name = Pods;
			path = Pods;
			sourceTree = "<group>";
		};
		F7F2F89E0F8746C76CAA6CC2 /* Frameworks */ = {
			isa = PBXGroup;
			children = (
				FA04452EEA93AA42A15D3EC9 /* Pods_DatingSimple.framework */,
			);
			name = Frameworks;
			sourceTree = "<group>";
		};
/* End PBXGroup section */

/* Begin PBXNativeTarget section */
		1EDECE0622BFA2A200F8EBB7 /* DatingSimple */ = {
			isa = PBXNativeTarget;
			buildConfigurationList = 1EDECE1922BFA2A300F8EBB7 /* Build configuration list for PBXNativeTarget "DatingSimple" */;
			buildPhases = (
				ABAFC6B66EF5A50E174A631B /* [CP] Check Pods Manifest.lock */,
				1EDECE0322BFA2A200F8EBB7 /* Sources */,
				1EDECE0422BFA2A200F8EBB7 /* Frameworks */,
				1EDECE0522BFA2A200F8EBB7 /* Resources */,
				0B63E33346A9EA22289ED5DB /* [CP] Embed Pods Frameworks */,
			);
			buildRules = (
			);
			dependencies = (
			);
			name = DatingSimple;
			productName = DatingSimple;
			productReference = 1EDECE0722BFA2A200F8EBB7 /* DatingSimple.app */;
			productType = "com.apple.product-type.application";
		};
/* End PBXNativeTarget section */

/* Begin PBXProject section */
		1EDECDFF22BFA2A200F8EBB7 /* Project object */ = {
			isa = PBXProject;
			attributes = {
				LastSwiftUpdateCheck = 1020;
				LastUpgradeCheck = 1020;
				ORGANIZATIONNAME = "reza abdolmaleki";
				TargetAttributes = {
					1EDECE0622BFA2A200F8EBB7 = {
						CreatedOnToolsVersion = 10.2.1;
					};
				};
			};
			buildConfigurationList = 1EDECE0222BFA2A200F8EBB7 /* Build configuration list for PBXProject "DatingSimple" */;
			compatibilityVersion = "Xcode 9.3";
			developmentRegion = en;
			hasScannedForEncodings = 0;
			knownRegions = (
				en,
				Base,
			);
			mainGroup = 1EDECDFE22BFA2A200F8EBB7;
			productRefGroup = 1EDECE0822BFA2A200F8EBB7 /* Products */;
			projectDirPath = "";
			projectRoot = "";
			targets = (
				1EDECE0622BFA2A200F8EBB7 /* DatingSimple */,
			);
		};
/* End PBXProject section */

/* Begin PBXResourcesBuildPhase section */
		1EDECE0522BFA2A200F8EBB7 /* Resources */ = {
			isa = PBXResourcesBuildPhase;
			buildActionMask = 2147483647;
			files = (
				1EDECE1522BFA2A300F8EBB7 /* LaunchScreen.storyboard in Resources */,
				1EB46E8D22C1F54700237E58 /* GoogleService-Info.plist in Resources */,
				1EDECE1222BFA2A300F8EBB7 /* Assets.xcassets in Resources */,
				1EB46E7D22C094B900237E58 /* Welcome.storyboard in Resources */,
			);
			runOnlyForDeploymentPostprocessing = 0;
		};
/* End PBXResourcesBuildPhase section */

/* Begin PBXShellScriptBuildPhase section */
		0B63E33346A9EA22289ED5DB /* [CP] Embed Pods Frameworks */ = {
			isa = PBXShellScriptBuildPhase;
			buildActionMask = 2147483647;
			files = (
			);
			inputFileListPaths = (
			);
			inputPaths = (
				"${PODS_ROOT}/Target Support Files/Pods-DatingSimple/Pods-DatingSimple-frameworks.sh",
				"${BUILT_PRODUCTS_DIR}/GTMSessionFetcher/GTMSessionFetcher.framework",
				"${BUILT_PRODUCTS_DIR}/GoogleUtilities/GoogleUtilities.framework",
				"${BUILT_PRODUCTS_DIR}/leveldb-library/leveldb.framework",
				"${BUILT_PRODUCTS_DIR}/nanopb/nanopb.framework",
			);
			name = "[CP] Embed Pods Frameworks";
			outputFileListPaths = (
			);
			outputPaths = (
				"${TARGET_BUILD_DIR}/${FRAMEWORKS_FOLDER_PATH}/GTMSessionFetcher.framework",
				"${TARGET_BUILD_DIR}/${FRAMEWORKS_FOLDER_PATH}/GoogleUtilities.framework",
				"${TARGET_BUILD_DIR}/${FRAMEWORKS_FOLDER_PATH}/leveldb.framework",
				"${TARGET_BUILD_DIR}/${FRAMEWORKS_FOLDER_PATH}/nanopb.framework",
			);
			runOnlyForDeploymentPostprocessing = 0;
			shellPath = /bin/sh;
			shellScript = "\"${PODS_ROOT}/Target Support Files/Pods-DatingSimple/Pods-DatingSimple-frameworks.sh\"\n";
			showEnvVarsInLog = 0;
		};
		ABAFC6B66EF5A50E174A631B /* [CP] Check Pods Manifest.lock */ = {
			isa = PBXShellScriptBuildPhase;
			buildActionMask = 2147483647;
			files = (
			);
			inputFileListPaths = (
			);
			inputPaths = (
				"${PODS_PODFILE_DIR_PATH}/Podfile.lock",
				"${PODS_ROOT}/Manifest.lock",
			);
			name = "[CP] Check Pods Manifest.lock";
			outputFileListPaths = (
			);
			outputPaths = (
				"$(DERIVED_FILE_DIR)/Pods-DatingSimple-checkManifestLockResult.txt",
			);
			runOnlyForDeploymentPostprocessing = 0;
			shellPath = /bin/sh;
			shellScript = "diff \"${PODS_PODFILE_DIR_PATH}/Podfile.lock\" \"${PODS_ROOT}/Manifest.lock\" > /dev/null\nif [ $? != 0 ] ; then\n    # print error to STDERR\n    echo \"error: The sandbox is not in sync with the Podfile.lock. Run 'pod install' or update your CocoaPods installation.\" >&2\n    exit 1\nfi\n# This output is used by Xcode 'outputs' to avoid re-running this script phase.\necho \"SUCCESS\" > \"${SCRIPT_OUTPUT_FILE_0}\"\n";
			showEnvVarsInLog = 0;
		};
/* End PBXShellScriptBuildPhase section */

/* Begin PBXSourcesBuildPhase section */
		1EDECE0322BFA2A200F8EBB7 /* Sources */ = {
			isa = PBXSourcesBuildPhase;
			buildActionMask = 2147483647;
			files = (
				1EB46E8B22C1543C00237E58 /* ResetPasswordViewController+UI.swift in Sources */,
				1EB46E7F22C0EA7000237E58 /* ViewController+UI.swift in Sources */,
				1EB46E8722C117F500237E58 /* SignInViewController+UI.swift in Sources */,
				1EDECE0D22BFA2A200F8EBB7 /* ViewController.swift in Sources */,
				1EB46E8922C14D3E00237E58 /* ResetPasswordViewController.swift in Sources */,
				1EB46E8522C117E400237E58 /* SignInViewController.swift in Sources */,
				1EB46E8122C0F54900237E58 /* SignUpViewController.swift in Sources */,
				1EDECE0B22BFA2A200F8EBB7 /* AppDelegate.swift in Sources */,
				1EB46E8322C0F55B00237E58 /* SignUpViewController+UI.swift in Sources */,
			);
			runOnlyForDeploymentPostprocessing = 0;
		};
/* End PBXSourcesBuildPhase section */

/* Begin PBXVariantGroup section */
		1EDECE1322BFA2A300F8EBB7 /* LaunchScreen.storyboard */ = {
			isa = PBXVariantGroup;
			children = (
				1EDECE1422BFA2A300F8EBB7 /* Base */,
			);
			name = LaunchScreen.storyboard;
			sourceTree = "<group>";
		};
/* End PBXVariantGroup section */

/* Begin XCBuildConfiguration section */
		1EDECE1722BFA2A300F8EBB7 /* Debug */ = {
			isa = XCBuildConfiguration;
			buildSettings = {
				ALWAYS_SEARCH_USER_PATHS = NO;
				CLANG_ANALYZER_NONNULL = YES;
				CLANG_ANALYZER_NUMBER_OBJECT_CONVERSION = YES_AGGRESSIVE;
				CLANG_CXX_LANGUAGE_STANDARD = "gnu++14";
				CLANG_CXX_LIBRARY = "libc++";
				CLANG_ENABLE_MODULES = YES;
				CLANG_ENABLE_OBJC_ARC = YES;
				CLANG_ENABLE_OBJC_WEAK = YES;
				CLANG_WARN_BLOCK_CAPTURE_AUTORELEASING = YES;
				CLANG_WARN_BOOL_CONVERSION = YES;
				CLANG_WARN_COMMA = YES;
				CLANG_WARN_CONSTANT_CONVERSION = YES;
				CLANG_WARN_DEPRECATED_OBJC_IMPLEMENTATIONS = YES;
				CLANG_WARN_DIRECT_OBJC_ISA_USAGE = YES_ERROR;
				CLANG_WARN_DOCUMENTATION_COMMENTS = YES;
				CLANG_WARN_EMPTY_BODY = YES;
				CLANG_WARN_ENUM_CONVERSION = YES;
				CLANG_WARN_INFINITE_RECURSION = YES;
				CLANG_WARN_INT_CONVERSION = YES;
				CLANG_WARN_NON_LITERAL_NULL_CONVERSION = YES;
				CLANG_WARN_OBJC_IMPLICIT_RETAIN_SELF = YES;
				CLANG_WARN_OBJC_LITERAL_CONVERSION = YES;
				CLANG_WARN_OBJC_ROOT_CLASS = YES_ERROR;
				CLANG_WARN_RANGE_LOOP_ANALYSIS = YES;
				CLANG_WARN_STRICT_PROTOTYPES = YES;
				CLANG_WARN_SUSPICIOUS_MOVE = YES;
				CLANG_WARN_UNGUARDED_AVAILABILITY = YES_AGGRESSIVE;
				CLANG_WARN_UNREACHABLE_CODE = YES;
				CLANG_WARN__DUPLICATE_METHOD_MATCH = YES;
				CODE_SIGN_IDENTITY = "iPhone Developer";
				COPY_PHASE_STRIP = NO;
				DEBUG_INFORMATION_FORMAT = dwarf;
				ENABLE_STRICT_OBJC_MSGSEND = YES;
				ENABLE_TESTABILITY = YES;
				GCC_C_LANGUAGE_STANDARD = gnu11;
				GCC_DYNAMIC_NO_PIC = NO;
				GCC_NO_COMMON_BLOCKS = YES;
				GCC_OPTIMIZATION_LEVEL = 0;
				GCC_PREPROCESSOR_DEFINITIONS = (
					"DEBUG=1",
					"$(inherited)",
				);
				GCC_WARN_64_TO_32_BIT_CONVERSION = YES;
				GCC_WARN_ABOUT_RETURN_TYPE = YES_ERROR;
				GCC_WARN_UNDECLARED_SELECTOR = YES;
				GCC_WARN_UNINITIALIZED_AUTOS = YES_AGGRESSIVE;
				GCC_WARN_UNUSED_FUNCTION = YES;
				GCC_WARN_UNUSED_VARIABLE = YES;
				IPHONEOS_DEPLOYMENT_TARGET = 12.2;
				MTL_ENABLE_DEBUG_INFO = INCLUDE_SOURCE;
				MTL_FAST_MATH = YES;
				ONLY_ACTIVE_ARCH = YES;
				SDKROOT = iphoneos;
				SWIFT_ACTIVE_COMPILATION_CONDITIONS = DEBUG;
				SWIFT_OPTIMIZATION_LEVEL = "-Onone";
			};
			name = Debug;
		};
		1EDECE1822BFA2A300F8EBB7 /* Release */ = {
			isa = XCBuildConfiguration;
			buildSettings = {
				ALWAYS_SEARCH_USER_PATHS = NO;
				CLANG_ANALYZER_NONNULL = YES;
				CLANG_ANALYZER_NUMBER_OBJECT_CONVERSION = YES_AGGRESSIVE;
				CLANG_CXX_LANGUAGE_STANDARD = "gnu++14";
				CLANG_CXX_LIBRARY = "libc++";
				CLANG_ENABLE_MODULES = YES;
				CLANG_ENABLE_OBJC_ARC = YES;
				CLANG_ENABLE_OBJC_WEAK = YES;
				CLANG_WARN_BLOCK_CAPTURE_AUTORELEASING = YES;
				CLANG_WARN_BOOL_CONVERSION = YES;
				CLANG_WARN_COMMA = YES;
				CLANG_WARN_CONSTANT_CONVERSION = YES;
				CLANG_WARN_DEPRECATED_OBJC_IMPLEMENTATIONS = YES;
				CLANG_WARN_DIRECT_OBJC_ISA_USAGE = YES_ERROR;
				CLANG_WARN_DOCUMENTATION_COMMENTS = YES;
				CLANG_WARN_EMPTY_BODY = YES;
				CLANG_WARN_ENUM_CONVERSION = YES;
				CLANG_WARN_INFINITE_RECURSION = YES;
				CLANG_WARN_INT_CONVERSION = YES;
				CLANG_WARN_NON_LITERAL_NULL_CONVERSION = YES;
				CLANG_WARN_OBJC_IMPLICIT_RETAIN_SELF = YES;
				CLANG_WARN_OBJC_LITERAL_CONVERSION = YES;
				CLANG_WARN_OBJC_ROOT_CLASS = YES_ERROR;
				CLANG_WARN_RANGE_LOOP_ANALYSIS = YES;
				CLANG_WARN_STRICT_PROTOTYPES = YES;
				CLANG_WARN_SUSPICIOUS_MOVE = YES;
				CLANG_WARN_UNGUARDED_AVAILABILITY = YES_AGGRESSIVE;
				CLANG_WARN_UNREACHABLE_CODE = YES;
				CLANG_WARN__DUPLICATE_METHOD_MATCH = YES;
				CODE_SIGN_IDENTITY = "iPhone Developer";
				COPY_PHASE_STRIP = NO;
				DEBUG_INFORMATION_FORMAT = "dwarf-with-dsym";
				ENABLE_NS_ASSERTIONS = NO;
				ENABLE_STRICT_OBJC_MSGSEND = YES;
				GCC_C_LANGUAGE_STANDARD = gnu11;
				GCC_NO_COMMON_BLOCKS = YES;
				GCC_WARN_64_TO_32_BIT_CONVERSION = YES;
				GCC_WARN_ABOUT_RETURN_TYPE = YES_ERROR;
				GCC_WARN_UNDECLARED_SELECTOR = YES;
				GCC_WARN_UNINITIALIZED_AUTOS = YES_AGGRESSIVE;
				GCC_WARN_UNUSED_FUNCTION = YES;
				GCC_WARN_UNUSED_VARIABLE = YES;
				IPHONEOS_DEPLOYMENT_TARGET = 12.2;
				MTL_ENABLE_DEBUG_INFO = NO;
				MTL_FAST_MATH = YES;
				SDKROOT = iphoneos;
				SWIFT_COMPILATION_MODE = wholemodule;
				SWIFT_OPTIMIZATION_LEVEL = "-O";
				VALIDATE_PRODUCT = YES;
			};
			name = Release;
		};
		1EDECE1A22BFA2A300F8EBB7 /* Debug */ = {
			isa = XCBuildConfiguration;
			baseConfigurationReference = 76535EEAFE7AD51C1DF6F8B0 /* Pods-DatingSimple.debug.xcconfig */;
			buildSettings = {
				ASSETCATALOG_COMPILER_APPICON_NAME = AppIcon;
				CODE_SIGN_STYLE = Automatic;
				DEVELOPMENT_TEAM = 6AYPC4FR7S;
				INFOPLIST_FILE = DatingSimple/Info.plist;
				LD_RUNPATH_SEARCH_PATHS = (
					"$(inherited)",
					"@executable_path/Frameworks",
				);
				PRODUCT_BUNDLE_IDENTIFIER = com.rezaabdolmaleki.DatingSimple;
				PRODUCT_NAME = "$(TARGET_NAME)";
				SWIFT_VERSION = 5.0;
				TARGETED_DEVICE_FAMILY = "1,2";
			};
			name = Debug;
		};
		1EDECE1B22BFA2A300F8EBB7 /* Release */ = {
			isa = XCBuildConfiguration;
			baseConfigurationReference = FAF028859E31D9B2E5E8A651 /* Pods-DatingSimple.release.xcconfig */;
			buildSettings = {
				ASSETCATALOG_COMPILER_APPICON_NAME = AppIcon;
				CODE_SIGN_STYLE = Automatic;
				DEVELOPMENT_TEAM = 6AYPC4FR7S;
				INFOPLIST_FILE = DatingSimple/Info.plist;
				LD_RUNPATH_SEARCH_PATHS = (
					"$(inherited)",
					"@executable_path/Frameworks",
				);
				PRODUCT_BUNDLE_IDENTIFIER = com.rezaabdolmaleki.DatingSimple;
				PRODUCT_NAME = "$(TARGET_NAME)";
				SWIFT_VERSION = 5.0;
				TARGETED_DEVICE_FAMILY = "1,2";
			};
			name = Release;
		};
/* End XCBuildConfiguration section */

/* Begin XCConfigurationList section */
		1EDECE0222BFA2A200F8EBB7 /* Build configuration list for PBXProject "DatingSimple" */ = {
			isa = XCConfigurationList;
			buildConfigurations = (
				1EDECE1722BFA2A300F8EBB7 /* Debug */,
				1EDECE1822BFA2A300F8EBB7 /* Release */,
			);
			defaultConfigurationIsVisible = 0;
			defaultConfigurationName = Release;
		};
		1EDECE1922BFA2A300F8EBB7 /* Build configuration list for PBXNativeTarget "DatingSimple" */ = {
			isa = XCConfigurationList;
			buildConfigurations = (
				1EDECE1A22BFA2A300F8EBB7 /* Debug */,
				1EDECE1B22BFA2A300F8EBB7 /* Release */,
			);
			defaultConfigurationIsVisible = 0;
			defaultConfigurationName = Release;
		};
/* End XCConfigurationList section */
	};
	rootObject = 1EDECDFF22BFA2A200F8EBB7 /* Project object */;
}
